
Microsoft Visual Studio Solution File, Format Version 12.00
# Visual Studio Version 16
VisualStudioVersion = 16.0.31129.286
MinimumVisualStudioVersion = 10.0.40219.1
Project("{FAE04EC0-301F-11D3-BF4B-00C04F79EFBC}") = "Covid19CroatiaAPI", "Covid19CroatiaAPI\Covid19CroatiaAPI.csproj", "{45F6881C-A46E-4E9C-9B75-C0ED28D4B60B}"
EndProject
Global
	GlobalSection(SolutionConfigurationPlatforms) = preSolution
		Debug|Any CPU = Debug|Any CPU
		Release|Any CPU = Release|Any CPU
	EndGlobalSection
	GlobalSection(ProjectConfigurationPlatforms) = postSolution
		{45F6881C-A46E-4E9C-9B75-C0ED28D4B60B}.Debug|Any CPU.ActiveCfg = Debug|Any CPU
		{45F6881C-A46E-4E9C-9B75-C0ED28D4B60B}.Debug|Any CPU.Build.0 = Debug|Any CPU
		{45F6881C-A46E-4E9C-9B75-C0ED28D4B60B}.Release|Any CPU.ActiveCfg = Release|Any CPU
		{45F6881C-A46E-4E9C-9B75-C0ED28D4B60B}.Release|Any CPU.Build.0 = Release|Any CPU
	EndGlobalSection
	GlobalSection(SolutionProperties) = preSolution
		HideSolutionNode = FALSE
	EndGlobalSection
	GlobalSection(ExtensibilityGlobals) = postSolution
		SolutionGuid = {6AAB4C94-B371-4734-8B39-E392D130A4CF}
	EndGlobalSection
EndGlobal
